
Microsoft Visual Studio Solution File, Format Version 12.00
# Visual Studio Version 16
VisualStudioVersion = 16.0.31005.135
MinimumVisualStudioVersion = 10.0.40219.1
Project("{2150E333-8FDC-42A3-9474-1A3956D46DE8}") = "Microservices", "Microservices", "{789EED08-CE1E-464C-8C2A-9FB90853C4E8}"
EndProject
Project("{9A19103F-16F7-4668-BE54-9A1E7A4F7556}") = "Product.Microservice", "Product.Microservice\Product.Microservice.csproj", "{B94E2264-5E8F-4694-A071-F62F18DAC0A8}"
EndProject
Project("{9A19103F-16F7-4668-BE54-9A1E7A4F7556}") = "Customer.Microservice", "Customer.Microservice\Customer.Microservice.csproj", "{83C2F84A-7071-4971-92AB-67BCFAD478D7}"
EndProject
Project("{9A19103F-16F7-4668-BE54-9A1E7A4F7556}") = "Gateway.WebAPI", "Getway.WebAPI\Gateway.WebAPI.csproj", "{AA31538A-C5D6-4D01-9391-4CBB0063DE6A}"
EndProject
Project("{FAE04EC0-301F-11D3-BF4B-00C04F79EFBC}") = "Shared.Models", "Shared.Models\Shared.Models.csproj", "{6FC1C99A-268B-4840-98FF-AE2465186161}"
EndProject
Global
	GlobalSection(SolutionConfigurationPlatforms) = preSolution
		Debug|Any CPU = Debug|Any CPU
		Release|Any CPU = Release|Any CPU
	EndGlobalSection
	GlobalSection(ProjectConfigurationPlatforms) = postSolution
		{B94E2264-5E8F-4694-A071-F62F18DAC0A8}.Debug|Any CPU.ActiveCfg = Debug|Any CPU
		{B94E2264-5E8F-4694-A071-F62F18DAC0A8}.Debug|Any CPU.Build.0 = Debug|Any CPU
		{B94E2264-5E8F-4694-A071-F62F18DAC0A8}.Release|Any CPU.ActiveCfg = Release|Any CPU
		{B94E2264-5E8F-4694-A071-F62F18DAC0A8}.Release|Any CPU.Build.0 = Release|Any CPU
		{83C2F84A-7071-4971-92AB-67BCFAD478D7}.Debug|Any CPU.ActiveCfg = Debug|Any CPU
		{83C2F84A-7071-4971-92AB-67BCFAD478D7}.Debug|Any CPU.Build.0 = Debug|Any CPU
		{83C2F84A-7071-4971-92AB-67BCFAD478D7}.Release|Any CPU.ActiveCfg = Release|Any CPU
		{83C2F84A-7071-4971-92AB-67BCFAD478D7}.Release|Any CPU.Build.0 = Release|Any CPU
		{AA31538A-C5D6-4D01-9391-4CBB0063DE6A}.Debug|Any CPU.ActiveCfg = Debug|Any CPU
		{AA31538A-C5D6-4D01-9391-4CBB0063DE6A}.Debug|Any CPU.Build.0 = Debug|Any CPU
		{AA31538A-C5D6-4D01-9391-4CBB0063DE6A}.Release|Any CPU.ActiveCfg = Release|Any CPU
		{AA31538A-C5D6-4D01-9391-4CBB0063DE6A}.Release|Any CPU.Build.0 = Release|Any CPU
		{6FC1C99A-268B-4840-98FF-AE2465186161}.Debug|Any CPU.ActiveCfg = Debug|Any CPU
		{6FC1C99A-268B-4840-98FF-AE2465186161}.Debug|Any CPU.Build.0 = Debug|Any CPU
		{6FC1C99A-268B-4840-98FF-AE2465186161}.Release|Any CPU.ActiveCfg = Release|Any CPU
		{6FC1C99A-268B-4840-98FF-AE2465186161}.Release|Any CPU.Build.0 = Release|Any CPU
	EndGlobalSection
	GlobalSection(SolutionProperties) = preSolution
		HideSolutionNode = FALSE
	EndGlobalSection
	GlobalSection(NestedProjects) = preSolution
		{B94E2264-5E8F-4694-A071-F62F18DAC0A8} = {789EED08-CE1E-464C-8C2A-9FB90853C4E8}
		{83C2F84A-7071-4971-92AB-67BCFAD478D7} = {789EED08-CE1E-464C-8C2A-9FB90853C4E8}
	EndGlobalSection
	GlobalSection(ExtensibilityGlobals) = postSolution
		SolutionGuid = {40D030D8-6A08-41DB-8069-93077C626958}
	EndGlobalSection
EndGlobal
